
Microsoft Visual Studio Solution File, Format Version 12.00
# Visual Studio 15
VisualStudioVersion = 15.0.27703.2047
MinimumVisualStudioVersion = 10.0.40219.1
Project("{FAE04EC0-301F-11D3-BF4B-00C04F79EFBC}") = "SamplePDFApplication", "SamplePDFApplication\SamplePDFApplication.csproj", "{CE3B0DBD-471D-47AB-80FF-B681C00E024E}"
EndProject
Global
	GlobalSection(SolutionConfigurationPlatforms) = preSolution
		Debug|Any CPU = Debug|Any CPU
		Release|Any CPU = Release|Any CPU
	EndGlobalSection
	GlobalSection(ProjectConfigurationPlatforms) = postSolution
		{CE3B0DBD-471D-47AB-80FF-B681C00E024E}.Debug|Any CPU.ActiveCfg = Debug|Any CPU
		{CE3B0DBD-471D-47AB-80FF-B681C00E024E}.Debug|Any CPU.Build.0 = Debug|Any CPU
		{CE3B0DBD-471D-47AB-80FF-B681C00E024E}.Release|Any CPU.ActiveCfg = Release|Any CPU
		{CE3B0DBD-471D-47AB-80FF-B681C00E024E}.Release|Any CPU.Build.0 = Release|Any CPU
	EndGlobalSection
	GlobalSection(SolutionProperties) = preSolution
		HideSolutionNode = FALSE
	EndGlobalSection
	GlobalSection(ExtensibilityGlobals) = postSolution
		SolutionGuid = {466FCCB7-8ACD-4130-B870-08C608C11052}
	EndGlobalSection
EndGlobal
